
Microsoft Visual Studio Solution File, Format Version 12.00
# Visual Studio Version 16
VisualStudioVersion = 16.0.30002.166
MinimumVisualStudioVersion = 10.0.40219.1
Project("{FAE04EC0-301F-11D3-BF4B-00C04F79EFBC}") = "Aula6_AppXamarinFlix.UWP", "Aula6_AppXamarinFlix\Aula6_AppXamarinFlix.UWP\Aula6_AppXamarinFlix.UWP.csproj", "{D3925D5E-F483-49B7-B8DF-743A10F5E1D5}"
EndProject
Project("{FAE04EC0-301F-11D3-BF4B-00C04F79EFBC}") = "Aula6_AppXamarinFlix.Android", "Aula6_AppXamarinFlix\Aula6_AppXamarinFlix.Android\Aula6_AppXamarinFlix.Android.csproj", "{8385D6CF-AAFB-490C-85D5-7AA28A65B16A}"
EndProject
Project("{FAE04EC0-301F-11D3-BF4B-00C04F79EFBC}") = "Aula6_AppXamarinFlix.iOS", "Aula6_AppXamarinFlix\Aula6_AppXamarinFlix.iOS\Aula6_AppXamarinFlix.iOS.csproj", "{28373FF1-C220-4903-9A4F-312407925E05}"
EndProject
Project("{FAE04EC0-301F-11D3-BF4B-00C04F79EFBC}") = "Aula6_AppXamarinFlix", "Aula6_AppXamarinFlix\Aula6_AppXamarinFlix\Aula6_AppXamarinFlix.csproj", "{6BDEACF6-D9CF-4452-B0A9-B0C3C2BE73D6}"
EndProject
Global
	GlobalSection(SolutionConfigurationPlatforms) = preSolution
		Debug|Any CPU = Debug|Any CPU
		Debug|ARM = Debug|ARM
		Debug|iPhone = Debug|iPhone
		Debug|iPhoneSimulator = Debug|iPhoneSimulator
		Debug|x64 = Debug|x64
		Debug|x86 = Debug|x86
		Release|Any CPU = Release|Any CPU
		Release|ARM = Release|ARM
		Release|iPhone = Release|iPhone
		Release|iPhoneSimulator = Release|iPhoneSimulator
		Release|x64 = Release|x64
		Release|x86 = Release|x86
	EndGlobalSection
	GlobalSection(ProjectConfigurationPlatforms) = postSolution
		{D3925D5E-F483-49B7-B8DF-743A10F5E1D5}.Debug|Any CPU.ActiveCfg = Debug|x86
		{D3925D5E-F483-49B7-B8DF-743A10F5E1D5}.Debug|Any CPU.Build.0 = Debug|x86
		{D3925D5E-F483-49B7-B8DF-743A10F5E1D5}.Debug|Any CPU.Deploy.0 = Debug|x86
		{D3925D5E-F483-49B7-B8DF-743A10F5E1D5}.Debug|ARM.ActiveCfg = Debug|ARM
		{D3925D5E-F483-49B7-B8DF-743A10F5E1D5}.Debug|ARM.Build.0 = Debug|ARM
		{D3925D5E-F483-49B7-B8DF-743A10F5E1D5}.Debug|ARM.Deploy.0 = Debug|ARM
		{D3925D5E-F483-49B7-B8DF-743A10F5E1D5}.Debug|iPhone.ActiveCfg = Debug|x86
		{D3925D5E-F483-49B7-B8DF-743A10F5E1D5}.Debug|iPhone.Build.0 = Debug|x86
		{D3925D5E-F483-49B7-B8DF-743A10F5E1D5}.Debug|iPhone.Deploy.0 = Debug|x86
		{D3925D5E-F483-49B7-B8DF-743A10F5E1D5}.Debug|iPhoneSimulator.ActiveCfg = Debug|x86
		{D3925D5E-F483-49B7-B8DF-743A10F5E1D5}.Debug|iPhoneSimulator.Build.0 = Debug|x86
		{D3925D5E-F483-49B7-B8DF-743A10F5E1D5}.Debug|iPhoneSimulator.Deploy.0 = Debug|x86
		{D3925D5E-F483-49B7-B8DF-743A10F5E1D5}.Debug|x64.ActiveCfg = Debug|x64
		{D3925D5E-F483-49B7-B8DF-743A10F5E1D5}.Debug|x64.Build.0 = Debug|x64
		{D3925D5E-F483-49B7-B8DF-743A10F5E1D5}.Debug|x64.Deploy.0 = Debug|x64
		{D3925D5E-F483-49B7-B8DF-743A10F5E1D5}.Debug|x86.ActiveCfg = Debug|x86
		{D3925D5E-F483-49B7-B8DF-743A10F5E1D5}.Debug|x86.Build.0 = Debug|x86
		{D3925D5E-F483-49B7-B8DF-743A10F5E1D5}.Debug|x86.Deploy.0 = Debug|x86
		{D3925D5E-F483-49B7-B8DF-743A10F5E1D5}.Release|Any CPU.ActiveCfg = Release|x86
		{D3925D5E-F483-49B7-B8DF-743A10F5E1D5}.Release|Any CPU.Build.0 = Release|x86
		{D3925D5E-F483-49B7-B8DF-743A10F5E1D5}.Release|Any CPU.Deploy.0 = Release|x86
		{D3925D5E-F483-49B7-B8DF-743A10F5E1D5}.Release|ARM.ActiveCfg = Release|ARM
		{D3925D5E-F483-49B7-B8DF-743A10F5E1D5}.Release|ARM.Build.0 = Release|ARM
		{D3925D5E-F483-49B7-B8DF-743A10F5E1D5}.Release|ARM.Deploy.0 = Release|ARM
		{D3925D5E-F483-49B7-B8DF-743A10F5E1D5}.Release|iPhone.ActiveCfg = Release|x86
		{D3925D5E-F483-49B7-B8DF-743A10F5E1D5}.Release|iPhone.Build.0 = Release|x86
		{D3925D5E-F483-49B7-B8DF-743A10F5E1D5}.Release|iPhone.Deploy.0 = Release|x86
		{D3925D5E-F483-49B7-B8DF-743A10F5E1D5}.Release|iPhoneSimulator.ActiveCfg = Release|x86
		{D3925D5E-F483-49B7-B8DF-743A10F5E1D5}.Release|iPhoneSimulator.Build.0 = Release|x86
		{D3925D5E-F483-49B7-B8DF-743A10F5E1D5}.Release|iPhoneSimulator.Deploy.0 = Release|x86
		{D3925D5E-F483-49B7-B8DF-743A10F5E1D5}.Release|x64.ActiveCfg = Release|x64
		{D3925D5E-F483-49B7-B8DF-743A10F5E1D5}.Release|x64.Build.0 = Release|x64
		{D3925D5E-F483-49B7-B8DF-743A10F5E1D5}.Release|x64.Deploy.0 = Release|x64
		{D3925D5E-F483-49B7-B8DF-743A10F5E1D5}.Release|x86.ActiveCfg = Release|x86
		{D3925D5E-F483-49B7-B8DF-743A10F5E1D5}.Release|x86.Build.0 = Release|x86
		{D3925D5E-F483-49B7-B8DF-743A10F5E1D5}.Release|x86.Deploy.0 = Release|x86
		{8385D6CF-AAFB-490C-85D5-7AA28A65B16A}.Debug|Any CPU.ActiveCfg = Debug|Any CPU
		{8385D6CF-AAFB-490C-85D5-7AA28A65B16A}.Debug|Any CPU.Build.0 = Debug|Any CPU
		{8385D6CF-AAFB-490C-85D5-7AA28A65B16A}.Debug|Any CPU.Deploy.0 = Debug|Any CPU
		{8385D6CF-AAFB-490C-85D5-7AA28A65B16A}.Debug|ARM.ActiveCfg = Debug|Any CPU
		{8385D6CF-AAFB-490C-85D5-7AA28A65B16A}.Debug|ARM.Build.0 = Debug|Any CPU
		{8385D6CF-AAFB-490C-85D5-7AA28A65B16A}.Debug|ARM.Deploy.0 = Debug|Any CPU
		{8385D6CF-AAFB-490C-85D5-7AA28A65B16A}.Debug|iPhone.ActiveCfg = Debug|Any CPU
		{8385D6CF-AAFB-490C-85D5-7AA28A65B16A}.Debug|iPhone.Build.0 = Debug|Any CPU
		{8385D6CF-AAFB-490C-85D5-7AA28A65B16A}.Debug|iPhone.Deploy.0 = Debug|Any CPU
		{8385D6CF-AAFB-490C-85D5-7AA28A65B16A}.Debug|iPhoneSimulator.ActiveCfg = Debug|Any CPU
		{8385D6CF-AAFB-490C-85D5-7AA28A65B16A}.Debug|iPhoneSimulator.Build.0 = Debug|Any CPU
		{8385D6CF-AAFB-490C-85D5-7AA28A65B16A}.Debug|iPhoneSimulator.Deploy.0 = Debug|Any CPU
		{8385D6CF-AAFB-490C-85D5-7AA28A65B16A}.Debug|x64.ActiveCfg = Debug|Any CPU
		{8385D6CF-AAFB-490C-85D5-7AA28A65B16A}.Debug|x64.Build.0 = Debug|Any CPU
		{8385D6CF-AAFB-490C-85D5-7AA28A65B16A}.Debug|x64.Deploy.0 = Debug|Any CPU
		{8385D6CF-AAFB-490C-85D5-7AA28A65B16A}.Debug|x86.ActiveCfg = Debug|Any CPU
		{8385D6CF-AAFB-490C-85D5-7AA28A65B16A}.Debug|x86.Build.0 = Debug|Any CPU
		{8385D6CF-AAFB-490C-85D5-7AA28A65B16A}.Debug|x86.Deploy.0 = Debug|Any CPU
		{8385D6CF-AAFB-490C-85D5-7AA28A65B16A}.Release|Any CPU.ActiveCfg = Release|Any CPU
		{8385D6CF-AAFB-490C-85D5-7AA28A65B16A}.Release|Any CPU.Build.0 = Release|Any CPU
		{8385D6CF-AAFB-490C-85D5-7AA28A65B16A}.Release|Any CPU.Deploy.0 = Release|Any CPU
		{8385D6CF-AAFB-490C-85D5-7AA28A65B16A}.Release|ARM.ActiveCfg = Release|Any CPU
		{8385D6CF-AAFB-490C-85D5-7AA28A65B16A}.Release|ARM.Build.0 = Release|Any CPU
		{8385D6CF-AAFB-490C-85D5-7AA28A65B16A}.Release|ARM.Deploy.0 = Release|Any CPU
		{8385D6CF-AAFB-490C-85D5-7AA28A65B16A}.Release|iPhone.ActiveCfg = Release|Any CPU
		{8385D6CF-AAFB-490C-85D5-7AA28A65B16A}.Release|iPhone.Build.0 = Release|Any CPU
		{8385D6CF-AAFB-490C-85D5-7AA28A65B16A}.Release|iPhone.Deploy.0 = Release|Any CPU
		{8385D6CF-AAFB-490C-85D5-7AA28A65B16A}.Release|iPhoneSimulator.ActiveCfg = Release|Any CPU
		{8385D6CF-AAFB-490C-85D5-7AA28A65B16A}.Release|iPhoneSimulator.Build.0 = Release|Any CPU
		{8385D6CF-AAFB-490C-85D5-7AA28A65B16A}.Release|iPhoneSimulator.Deploy.0 = Release|Any CPU
		{8385D6CF-AAFB-490C-85D5-7AA28A65B16A}.Release|x64.ActiveCfg = Release|Any CPU
		{8385D6CF-AAFB-490C-85D5-7AA28A65B16A}.Release|x64.Build.0 = Release|Any CPU
		{8385D6CF-AAFB-490C-85D5-7AA28A65B16A}.Release|x64.Deploy.0 = Release|Any CPU
		{8385D6CF-AAFB-490C-85D5-7AA28A65B16A}.Release|x86.ActiveCfg = Release|Any CPU
		{8385D6CF-AAFB-490C-85D5-7AA28A65B16A}.Release|x86.Build.0 = Release|Any CPU
		{8385D6CF-AAFB-490C-85D5-7AA28A65B16A}.Release|x86.Deploy.0 = Release|Any CPU
		{28373FF1-C220-4903-9A4F-312407925E05}.Debug|Any CPU.ActiveCfg = Debug|iPhone
		{28373FF1-C220-4903-9A4F-312407925E05}.Debug|Any CPU.Build.0 = Debug|iPhone
		{28373FF1-C220-4903-9A4F-312407925E05}.Debug|Any CPU.Deploy.0 = Debug|iPhone
		{28373FF1-C220-4903-9A4F-312407925E05}.Debug|ARM.ActiveCfg = Debug|iPhone
		{28373FF1-C220-4903-9A4F-312407925E05}.Debug|ARM.Build.0 = Debug|iPhone
		{28373FF1-C220-4903-9A4F-312407925E05}.Debug|ARM.Deploy.0 = Debug|iPhone
		{28373FF1-C220-4903-9A4F-312407925E05}.Debug|iPhone.ActiveCfg = Debug|iPhone
		{28373FF1-C220-4903-9A4F-312407925E05}.Debug|iPhone.Build.0 = Debug|iPhone
		{28373FF1-C220-4903-9A4F-312407925E05}.Debug|iPhone.Deploy.0 = Debug|iPhone
		{28373FF1-C220-4903-9A4F-312407925E05}.Debug|iPhoneSimulator.ActiveCfg = Debug|iPhoneSimulator
		{28373FF1-C220-4903-9A4F-312407925E05}.Debug|iPhoneSimulator.Build.0 = Debug|iPhoneSimulator
		{28373FF1-C220-4903-9A4F-312407925E05}.Debug|iPhoneSimulator.Deploy.0 = Debug|iPhoneSimulator
		{28373FF1-C220-4903-9A4F-312407925E05}.Debug|x64.ActiveCfg = Debug|iPhone
		{28373FF1-C220-4903-9A4F-312407925E05}.Debug|x64.Build.0 = Debug|iPhone
		{28373FF1-C220-4903-9A4F-312407925E05}.Debug|x64.Deploy.0 = Debug|iPhone
		{28373FF1-C220-4903-9A4F-312407925E05}.Debug|x86.ActiveCfg = Debug|iPhone
		{28373FF1-C220-4903-9A4F-312407925E05}.Debug|x86.Build.0 = Debug|iPhone
		{28373FF1-C220-4903-9A4F-312407925E05}.Debug|x86.Deploy.0 = Debug|iPhone
		{28373FF1-C220-4903-9A4F-312407925E05}.Release|Any CPU.ActiveCfg = Release|iPhone
		{28373FF1-C220-4903-9A4F-312407925E05}.Release|Any CPU.Build.0 = Release|iPhone
		{28373FF1-C220-4903-9A4F-312407925E05}.Release|Any CPU.Deploy.0 = Release|iPhone
		{28373FF1-C220-4903-9A4F-312407925E05}.Release|ARM.ActiveCfg = Release|iPhone
		{28373FF1-C220-4903-9A4F-312407925E05}.Release|ARM.Build.0 = Release|iPhone
		{28373FF1-C220-4903-9A4F-312407925E05}.Release|ARM.Deploy.0 = Release|iPhone
		{28373FF1-C220-4903-9A4F-312407925E05}.Release|iPhone.ActiveCfg = Release|iPhone
		{28373FF1-C220-4903-9A4F-312407925E05}.Release|iPhone.Build.0 = Release|iPhone
		{28373FF1-C220-4903-9A4F-312407925E05}.Release|iPhone.Deploy.0 = Release|iPhone
		{28373FF1-C220-4903-9A4F-312407925E05}.Release|iPhoneSimulator.ActiveCfg = Release|iPhoneSimulator
		{28373FF1-C220-4903-9A4F-312407925E05}.Release|iPhoneSimulator.Build.0 = Release|iPhoneSimulator
		{28373FF1-C220-4903-9A4F-312407925E05}.Release|iPhoneSimulator.Deploy.0 = Release|iPhoneSimulator
		{28373FF1-C220-4903-9A4F-312407925E05}.Release|x64.ActiveCfg = Release|iPhone
		{28373FF1-C220-4903-9A4F-312407925E05}.Release|x64.Build.0 = Release|iPhone
		{28373FF1-C220-4903-9A4F-312407925E05}.Release|x64.Deploy.0 = Release|iPhone
		{28373FF1-C220-4903-9A4F-312407925E05}.Release|x86.ActiveCfg = Release|iPhone
		{28373FF1-C220-4903-9A4F-312407925E05}.Release|x86.Build.0 = Release|iPhone
		{28373FF1-C220-4903-9A4F-312407925E05}.Release|x86.Deploy.0 = Release|iPhone
		{6BDEACF6-D9CF-4452-B0A9-B0C3C2BE73D6}.Debug|Any CPU.ActiveCfg = Debug|Any CPU
		{6BDEACF6-D9CF-4452-B0A9-B0C3C2BE73D6}.Debug|Any CPU.Build.0 = Debug|Any CPU
		{6BDEACF6-D9CF-4452-B0A9-B0C3C2BE73D6}.Debug|Any CPU.Deploy.0 = Debug|Any CPU
		{6BDEACF6-D9CF-4452-B0A9-B0C3C2BE73D6}.Debug|ARM.ActiveCfg = Debug|Any CPU
		{6BDEACF6-D9CF-4452-B0A9-B0C3C2BE73D6}.Debug|ARM.Build.0 = Debug|Any CPU
		{6BDEACF6-D9CF-4452-B0A9-B0C3C2BE73D6}.Debug|ARM.Deploy.0 = Debug|Any CPU
		{6BDEACF6-D9CF-4452-B0A9-B0C3C2BE73D6}.Debug|iPhone.ActiveCfg = Debug|Any CPU
		{6BDEACF6-D9CF-4452-B0A9-B0C3C2BE73D6}.Debug|iPhone.Build.0 = Debug|Any CPU
		{6BDEACF6-D9CF-4452-B0A9-B0C3C2BE73D6}.Debug|iPhone.Deploy.0 = Debug|Any CPU
		{6BDEACF6-D9CF-4452-B0A9-B0C3C2BE73D6}.Debug|iPhoneSimulator.ActiveCfg = Debug|Any CPU
		{6BDEACF6-D9CF-4452-B0A9-B0C3C2BE73D6}.Debug|iPhoneSimulator.Build.0 = Debug|Any CPU
		{6BDEACF6-D9CF-4452-B0A9-B0C3C2BE73D6}.Debug|iPhoneSimulator.Deploy.0 = Debug|Any CPU
		{6BDEACF6-D9CF-4452-B0A9-B0C3C2BE73D6}.Debug|x64.ActiveCfg = Debug|Any CPU
		{6BDEACF6-D9CF-4452-B0A9-B0C3C2BE73D6}.Debug|x64.Build.0 = Debug|Any CPU
		{6BDEACF6-D9CF-4452-B0A9-B0C3C2BE73D6}.Debug|x64.Deploy.0 = Debug|Any CPU
		{6BDEACF6-D9CF-4452-B0A9-B0C3C2BE73D6}.Debug|x86.ActiveCfg = Debug|Any CPU
		{6BDEACF6-D9CF-4452-B0A9-B0C3C2BE73D6}.Debug|x86.Build.0 = Debug|Any CPU
		{6BDEACF6-D9CF-4452-B0A9-B0C3C2BE73D6}.Debug|x86.Deploy.0 = Debug|Any CPU
		{6BDEACF6-D9CF-4452-B0A9-B0C3C2BE73D6}.Release|Any CPU.ActiveCfg = Release|Any CPU
		{6BDEACF6-D9CF-4452-B0A9-B0C3C2BE73D6}.Release|Any CPU.Build.0 = Release|Any CPU
		{6BDEACF6-D9CF-4452-B0A9-B0C3C2BE73D6}.Release|Any CPU.Deploy.0 = Release|Any CPU
		{6BDEACF6-D9CF-4452-B0A9-B0C3C2BE73D6}.Release|ARM.ActiveCfg = Release|Any CPU
		{6BDEACF6-D9CF-4452-B0A9-B0C3C2BE73D6}.Release|ARM.Build.0 = Release|Any CPU
		{6BDEACF6-D9CF-4452-B0A9-B0C3C2BE73D6}.Release|ARM.Deploy.0 = Release|Any CPU
		{6BDEACF6-D9CF-4452-B0A9-B0C3C2BE73D6}.Release|iPhone.ActiveCfg = Release|Any CPU
		{6BDEACF6-D9CF-4452-B0A9-B0C3C2BE73D6}.Release|iPhone.Build.0 = Release|Any CPU
		{6BDEACF6-D9CF-4452-B0A9-B0C3C2BE73D6}.Release|iPhone.Deploy.0 = Release|Any CPU
		{6BDEACF6-D9CF-4452-B0A9-B0C3C2BE73D6}.Release|iPhoneSimulator.ActiveCfg = Release|Any CPU
		{6BDEACF6-D9CF-4452-B0A9-B0C3C2BE73D6}.Release|iPhoneSimulator.Build.0 = Release|Any CPU
		{6BDEACF6-D9CF-4452-B0A9-B0C3C2BE73D6}.Release|iPhoneSimulator.Deploy.0 = Release|Any CPU
		{6BDEACF6-D9CF-4452-B0A9-B0C3C2BE73D6}.Release|x64.ActiveCfg = Release|Any CPU
		{6BDEACF6-D9CF-4452-B0A9-B0C3C2BE73D6}.Release|x64.Build.0 = Release|Any CPU
		{6BDEACF6-D9CF-4452-B0A9-B0C3C2BE73D6}.Release|x64.Deploy.0 = Release|Any CPU
		{6BDEACF6-D9CF-4452-B0A9-B0C3C2BE73D6}.Release|x86.ActiveCfg = Release|Any CPU
		{6BDEACF6-D9CF-4452-B0A9-B0C3C2BE73D6}.Release|x86.Build.0 = Release|Any CPU
		{6BDEACF6-D9CF-4452-B0A9-B0C3C2BE73D6}.Release|x86.Deploy.0 = Release|Any CPU
	EndGlobalSection
	GlobalSection(SolutionProperties) = preSolution
		HideSolutionNode = FALSE
	EndGlobalSection
	GlobalSection(ExtensibilityGlobals) = postSolution
		SolutionGuid = {5A4803C3-536E-4D77-8874-6D49C2DD02DD}
	EndGlobalSection
EndGlobal
